
Microsoft Visual Studio Solution File, Format Version 12.00
# Visual Studio Version 17
VisualStudioVersion = 17.8.34316.72
MinimumVisualStudioVersion = 10.0.40219.1
Project("{9A19103F-16F7-4668-BE54-9A1E7A4F7556}") = "InterfaceUsuario", "InterfaceUsuario\InterfaceUsuario.csproj", "{6C5ED9FF-A93C-4DEE-AB75-B5AFCBE9BC4A}"
EndProject
Project("{9A19103F-16F7-4668-BE54-9A1E7A4F7556}") = "Objects", "Compartilhado\Objects.csproj", "{0BD11620-27BE-4EE1-A92A-31EE9C4B5729}"
EndProject
Project("{FAE04EC0-301F-11D3-BF4B-00C04F79EFBC}") = "ConsoleInteraction", "ConsoleInteraction\ConsoleInteraction.csproj", "{8C15F07F-D992-4814-BC64-725D4F80759C}"
EndProject
Global
	GlobalSection(SolutionConfigurationPlatforms) = preSolution
		Debug|Any CPU = Debug|Any CPU
		Release|Any CPU = Release|Any CPU
	EndGlobalSection
	GlobalSection(ProjectConfigurationPlatforms) = postSolution
		{6C5ED9FF-A93C-4DEE-AB75-B5AFCBE9BC4A}.Debug|Any CPU.ActiveCfg = Debug|Any CPU
		{6C5ED9FF-A93C-4DEE-AB75-B5AFCBE9BC4A}.Debug|Any CPU.Build.0 = Debug|Any CPU
		{6C5ED9FF-A93C-4DEE-AB75-B5AFCBE9BC4A}.Release|Any CPU.ActiveCfg = Release|Any CPU
		{6C5ED9FF-A93C-4DEE-AB75-B5AFCBE9BC4A}.Release|Any CPU.Build.0 = Release|Any CPU
		{0BD11620-27BE-4EE1-A92A-31EE9C4B5729}.Debug|Any CPU.ActiveCfg = Debug|Any CPU
		{0BD11620-27BE-4EE1-A92A-31EE9C4B5729}.Debug|Any CPU.Build.0 = Debug|Any CPU
		{0BD11620-27BE-4EE1-A92A-31EE9C4B5729}.Release|Any CPU.ActiveCfg = Release|Any CPU
		{0BD11620-27BE-4EE1-A92A-31EE9C4B5729}.Release|Any CPU.Build.0 = Release|Any CPU
		{8C15F07F-D992-4814-BC64-725D4F80759C}.Debug|Any CPU.ActiveCfg = Debug|Any CPU
		{8C15F07F-D992-4814-BC64-725D4F80759C}.Debug|Any CPU.Build.0 = Debug|Any CPU
		{8C15F07F-D992-4814-BC64-725D4F80759C}.Release|Any CPU.ActiveCfg = Release|Any CPU
		{8C15F07F-D992-4814-BC64-725D4F80759C}.Release|Any CPU.Build.0 = Release|Any CPU
	EndGlobalSection
	GlobalSection(SolutionProperties) = preSolution
		HideSolutionNode = FALSE
	EndGlobalSection
	GlobalSection(ExtensibilityGlobals) = postSolution
		SolutionGuid = {14E1B320-FD89-403F-A3AD-EFDAB23DE069}
	EndGlobalSection
EndGlobal
